
Microsoft Visual Studio Solution File, Format Version 12.00
# Visual Studio Version 16
VisualStudioVersion = 16.0.31515.178
MinimumVisualStudioVersion = 10.0.40219.1
Project("{9A19103F-16F7-4668-BE54-9A1E7A4F7556}") = "lesson01", "lesson01.csproj", "{EBAF0193-4310-427B-B1C4-510A1F55F7F4}"
EndProject
Project("{2150E333-8FDC-42A3-9474-1A3956D46DE8}") = "Solution Items", "Solution Items", "{8A250BF4-FCAE-4466-BA86-D99E7507F88E}"
	ProjectSection(SolutionItems) = preProject
		ReadMe.md = ReadMe.md
	EndProjectSection
EndProject
Project("{FAE04EC0-301F-11D3-BF4B-00C04F79EFBC}") = "FirstGame", "..\FirstGame\FirstGame.csproj", "{A8668226-281F-44C4-B316-AF5BCCCB4458}"
EndProject
Project("{FAE04EC0-301F-11D3-BF4B-00C04F79EFBC}") = "GridMap", "..\GridMap\GridMap.csproj", "{CB833913-3FC7-4092-94FF-F1BF54BD2565}"
EndProject
Global
	GlobalSection(SolutionConfigurationPlatforms) = preSolution
		Debug|Any CPU = Debug|Any CPU
		Release|Any CPU = Release|Any CPU
	EndGlobalSection
	GlobalSection(ProjectConfigurationPlatforms) = postSolution
		{EBAF0193-4310-427B-B1C4-510A1F55F7F4}.Debug|Any CPU.ActiveCfg = Debug|Any CPU
		{EBAF0193-4310-427B-B1C4-510A1F55F7F4}.Debug|Any CPU.Build.0 = Debug|Any CPU
		{EBAF0193-4310-427B-B1C4-510A1F55F7F4}.Release|Any CPU.ActiveCfg = Release|Any CPU
		{EBAF0193-4310-427B-B1C4-510A1F55F7F4}.Release|Any CPU.Build.0 = Release|Any CPU
		{A8668226-281F-44C4-B316-AF5BCCCB4458}.Debug|Any CPU.ActiveCfg = Debug|Any CPU
		{A8668226-281F-44C4-B316-AF5BCCCB4458}.Debug|Any CPU.Build.0 = Debug|Any CPU
		{A8668226-281F-44C4-B316-AF5BCCCB4458}.Release|Any CPU.ActiveCfg = Release|Any CPU
		{A8668226-281F-44C4-B316-AF5BCCCB4458}.Release|Any CPU.Build.0 = Release|Any CPU
		{CB833913-3FC7-4092-94FF-F1BF54BD2565}.Debug|Any CPU.ActiveCfg = Debug|Any CPU
		{CB833913-3FC7-4092-94FF-F1BF54BD2565}.Debug|Any CPU.Build.0 = Debug|Any CPU
		{CB833913-3FC7-4092-94FF-F1BF54BD2565}.Release|Any CPU.ActiveCfg = Release|Any CPU
		{CB833913-3FC7-4092-94FF-F1BF54BD2565}.Release|Any CPU.Build.0 = Release|Any CPU
	EndGlobalSection
	GlobalSection(SolutionProperties) = preSolution
		HideSolutionNode = FALSE
	EndGlobalSection
	GlobalSection(ExtensibilityGlobals) = postSolution
		SolutionGuid = {099883EA-CECD-4BE0-A748-5BFC796C6C30}
	EndGlobalSection
EndGlobal
