
Microsoft Visual Studio Solution File, Format Version 12.00
# Visual Studio Version 16
VisualStudioVersion = 16.0.31515.178
MinimumVisualStudioVersion = 10.0.40219.1
Project("{FAE04EC0-301F-11D3-BF4B-00C04F79EFBC}") = "HeroVsGoblin01", "HeroVsGoblin01\HeroVsGoblin01.csproj", "{C5918E47-4864-4B57-B96F-88A867BE97A1}"
EndProject
Project("{FAE04EC0-301F-11D3-BF4B-00C04F79EFBC}") = "HeroVsGoblin01.Tests", "..\HeroVsGoblin01.Tests\HeroVsGoblin01.Tests.csproj", "{92234396-9D2F-4056-B5E8-27F2A2DAC03B}"
EndProject
Project("{FAE04EC0-301F-11D3-BF4B-00C04F79EFBC}") = "FirstGame", "..\FirstGame\FirstGame.csproj", "{A8668226-281F-44C4-B316-AF5BCCCB4458}"
EndProject
Global
	GlobalSection(SolutionConfigurationPlatforms) = preSolution
		Debug|Any CPU = Debug|Any CPU
		Release|Any CPU = Release|Any CPU
	EndGlobalSection
	GlobalSection(ProjectConfigurationPlatforms) = postSolution
		{C5918E47-4864-4B57-B96F-88A867BE97A1}.Debug|Any CPU.ActiveCfg = Debug|Any CPU
		{C5918E47-4864-4B57-B96F-88A867BE97A1}.Debug|Any CPU.Build.0 = Debug|Any CPU
		{C5918E47-4864-4B57-B96F-88A867BE97A1}.Release|Any CPU.ActiveCfg = Release|Any CPU
		{C5918E47-4864-4B57-B96F-88A867BE97A1}.Release|Any CPU.Build.0 = Release|Any CPU
		{92234396-9D2F-4056-B5E8-27F2A2DAC03B}.Debug|Any CPU.ActiveCfg = Debug|Any CPU
		{92234396-9D2F-4056-B5E8-27F2A2DAC03B}.Debug|Any CPU.Build.0 = Debug|Any CPU
		{92234396-9D2F-4056-B5E8-27F2A2DAC03B}.Release|Any CPU.ActiveCfg = Release|Any CPU
		{92234396-9D2F-4056-B5E8-27F2A2DAC03B}.Release|Any CPU.Build.0 = Release|Any CPU
		{A8668226-281F-44C4-B316-AF5BCCCB4458}.Debug|Any CPU.ActiveCfg = Debug|Any CPU
		{A8668226-281F-44C4-B316-AF5BCCCB4458}.Debug|Any CPU.Build.0 = Debug|Any CPU
		{A8668226-281F-44C4-B316-AF5BCCCB4458}.Release|Any CPU.ActiveCfg = Release|Any CPU
		{A8668226-281F-44C4-B316-AF5BCCCB4458}.Release|Any CPU.Build.0 = Release|Any CPU
	EndGlobalSection
	GlobalSection(SolutionProperties) = preSolution
		HideSolutionNode = FALSE
	EndGlobalSection
	GlobalSection(ExtensibilityGlobals) = postSolution
		SolutionGuid = {30424561-5DB8-431C-812D-9DCF6BF55921}
	EndGlobalSection
EndGlobal
